// !$*UTF8*$!
{
	archiveVersion = 1;
	classes = {
	};
	objectVersion = 55;
	objects = {

/* Begin PBXBuildFile section */
		CE3F55BC282AC3C0004AA841 /* AppDelegate.swift in Sources */ = {isa = PBXBuildFile; fileRef = CE3F55BB282AC3C0004AA841 /* AppDelegate.swift */; };
		CE3F55BE282AC3C0004AA841 /* SceneDelegate.swift in Sources */ = {isa = PBXBuildFile; fileRef = CE3F55BD282AC3C0004AA841 /* SceneDelegate.swift */; };
		CE3F55C0282AC3C0004AA841 /* ViewController.swift in Sources */ = {isa = PBXBuildFile; fileRef = CE3F55BF282AC3C0004AA841 /* ViewController.swift */; };
		CE3F55C3282AC3C0004AA841 /* Main.storyboard in Resources */ = {isa = PBXBuildFile; fileRef = CE3F55C1282AC3C0004AA841 /* Main.storyboard */; };
		CE3F55C5282AC3C2004AA841 /* Assets.xcassets in Resources */ = {isa = PBXBuildFile; fileRef = CE3F55C4282AC3C2004AA841 /* Assets.xcassets */; };
		CE3F55C8282AC3C2004AA841 /* LaunchScreen.storyboard in Resources */ = {isa = PBXBuildFile; fileRef = CE3F55C6282AC3C2004AA841 /* LaunchScreen.storyboard */; };
		CE3F55D3282AC3C3004AA841 /* PhotoMasterTests.swift in Sources */ = {isa = PBXBuildFile; fileRef = CE3F55D2282AC3C3004AA841 /* PhotoMasterTests.swift */; };
		CE3F55DD282AC3C3004AA841 /* PhotoMasterUITests.swift in Sources */ = {isa = PBXBuildFile; fileRef = CE3F55DC282AC3C3004AA841 /* PhotoMasterUITests.swift */; };
		CE3F55DF282AC3C3004AA841 /* PhotoMasterUITestsLaunchTests.swift in Sources */ = {isa = PBXBuildFile; fileRef = CE3F55DE282AC3C3004AA841 /* PhotoMasterUITestsLaunchTests.swift */; };
		CE3F56DD282D499F004AA841 /* furo_ducky.png in Resources */ = {isa = PBXBuildFile; fileRef = CE3F56DC282D499F004AA841 /* furo_ducky.png */; };
/* End PBXBuildFile section */

/* Begin PBXContainerItemProxy section */
		CE3F55CF282AC3C3004AA841 /* PBXContainerItemProxy */ = {
			isa = PBXContainerItemProxy;
			containerPortal = CE3F55B0282AC3C0004AA841 /* Project object */;
			proxyType = 1;
			remoteGlobalIDString = CE3F55B7282AC3C0004AA841;
			remoteInfo = PhotoMaster;
		};
		CE3F55D9282AC3C3004AA841 /* PBXContainerItemProxy */ = {
			isa = PBXContainerItemProxy;
			containerPortal = CE3F55B0282AC3C0004AA841 /* Project object */;
			proxyType = 1;
			remoteGlobalIDString = CE3F55B7282AC3C0004AA841;
			remoteInfo = PhotoMaster;
		};
/* End PBXContainerItemProxy section */

/* Begin PBXFileReference section */
		CE3F55B8282AC3C0004AA841 /* PhotoMaster.app */ = {isa = PBXFileReference; explicitFileType = wrapper.application; includeInIndex = 0; path = PhotoMaster.app; sourceTree = BUILT_PRODUCTS_DIR; };
		CE3F55BB282AC3C0004AA841 /* AppDelegate.swift */ = {isa = PBXFileReference; lastKnownFileType = sourcecode.swift; path = AppDelegate.swift; sourceTree = "<group>"; };
		CE3F55BD282AC3C0004AA841 /* SceneDelegate.swift */ = {isa = PBXFileReference; lastKnownFileType = sourcecode.swift; path = SceneDelegate.swift; sourceTree = "<group>"; };
		CE3F55BF282AC3C0004AA841 /* ViewController.swift */ = {isa = PBXFileReference; lastKnownFileType = sourcecode.swift; path = ViewController.swift; sourceTree = "<group>"; };
		CE3F55C2282AC3C0004AA841 /* Base */ = {isa = PBXFileReference; lastKnownFileType = file.storyboard; name = Base; path = Base.lproj/Main.storyboard; sourceTree = "<group>"; };
		CE3F55C4282AC3C2004AA841 /* Assets.xcassets */ = {isa = PBXFileReference; lastKnownFileType = folder.assetcatalog; path = Assets.xcassets; sourceTree = "<group>"; };
		CE3F55C7282AC3C2004AA841 /* Base */ = {isa = PBXFileReference; lastKnownFileType = file.storyboard; name = Base; path = Base.lproj/LaunchScreen.storyboard; sourceTree = "<group>"; };
		CE3F55C9282AC3C2004AA841 /* Info.plist */ = {isa = PBXFileReference; lastKnownFileType = text.plist.xml; path = Info.plist; sourceTree = "<group>"; };
		CE3F55CE282AC3C3004AA841 /* PhotoMasterTests.xctest */ = {isa = PBXFileReference; explicitFileType = wrapper.cfbundle; includeInIndex = 0; path = PhotoMasterTests.xctest; sourceTree = BUILT_PRODUCTS_DIR; };
		CE3F55D2282AC3C3004AA841 /* PhotoMasterTests.swift */ = {isa = PBXFileReference; lastKnownFileType = sourcecode.swift; path = PhotoMasterTests.swift; sourceTree = "<group>"; };
		CE3F55D8282AC3C3004AA841 /* PhotoMasterUITests.xctest */ = {isa = PBXFileReference; explicitFileType = wrapper.cfbundle; includeInIndex = 0; path = PhotoMasterUITests.xctest; sourceTree = BUILT_PRODUCTS_DIR; };
		CE3F55DC282AC3C3004AA841 /* PhotoMasterUITests.swift */ = {isa = PBXFileReference; lastKnownFileType = sourcecode.swift; path = PhotoMasterUITests.swift; sourceTree = "<group>"; };
		CE3F55DE282AC3C3004AA841 /* PhotoMasterUITestsLaunchTests.swift */ = {isa = PBXFileReference; lastKnownFileType = sourcecode.swift; path = PhotoMasterUITestsLaunchTests.swift; sourceTree = "<group>"; };
		CE3F56DC282D499F004AA841 /* furo_ducky.png */ = {isa = PBXFileReference; lastKnownFileType = image.png; path = furo_ducky.png; sourceTree = "<group>"; };
/* End PBXFileReference section */

/* Begin PBXFrameworksBuildPhase section */
		CE3F55B5282AC3C0004AA841 /* Frameworks */ = {
			isa = PBXFrameworksBuildPhase;
			buildActionMask = 2147483647;
			files = (
			);
			runOnlyForDeploymentPostprocessing = 0;
		};
		CE3F55CB282AC3C3004AA841 /* Frameworks */ = {
			isa = PBXFrameworksBuildPhase;
			buildActionMask = 2147483647;
			files = (
			);
			runOnlyForDeploymentPostprocessing = 0;
		};
		CE3F55D5282AC3C3004AA841 /* Frameworks */ = {
			isa = PBXFrameworksBuildPhase;
			buildActionMask = 2147483647;
			files = (
			);
			runOnlyForDeploymentPostprocessing = 0;
		};
/* End PBXFrameworksBuildPhase section */

/* Begin PBXGroup section */
		CE3F55AF282AC3C0004AA841 = {
			isa = PBXGroup;
			children = (
				CE3F55BA282AC3C0004AA841 /* PhotoMaster */,
				CE3F55D1282AC3C3004AA841 /* PhotoMasterTests */,
				CE3F55DB282AC3C3004AA841 /* PhotoMasterUITests */,
				CE3F55B9282AC3C0004AA841 /* Products */,
			);
			sourceTree = "<group>";
		};
		CE3F55B9282AC3C0004AA841 /* Products */ = {
			isa = PBXGroup;
			children = (
				CE3F55B8282AC3C0004AA841 /* PhotoMaster.app */,
				CE3F55CE282AC3C3004AA841 /* PhotoMasterTests.xctest */,
				CE3F55D8282AC3C3004AA841 /* PhotoMasterUITests.xctest */,
			);
			name = Products;
			sourceTree = "<group>";
		};
		CE3F55BA282AC3C0004AA841 /* PhotoMaster */ = {
			isa = PBXGroup;
			children = (
				CE3F55BB282AC3C0004AA841 /* AppDelegate.swift */,
				CE3F55BD282AC3C0004AA841 /* SceneDelegate.swift */,
				CE3F55BF282AC3C0004AA841 /* ViewController.swift */,
				CE3F55C1282AC3C0004AA841 /* Main.storyboard */,
				CE3F55C4282AC3C2004AA841 /* Assets.xcassets */,
				CE3F56DC282D499F004AA841 /* furo_ducky.png */,
				CE3F55C6282AC3C2004AA841 /* LaunchScreen.storyboard */,
				CE3F56DB282D499F004AA841 /* PhotoMaster素材 */,
				CE3F55C9282AC3C2004AA841 /* Info.plist */,
			);
			path = PhotoMaster;
			sourceTree = "<group>";
		};
		CE3F55D1282AC3C3004AA841 /* PhotoMasterTests */ = {
			isa = PBXGroup;
			children = (
				CE3F55D2282AC3C3004AA841 /* PhotoMasterTests.swift */,
			);
			path = PhotoMasterTests;
			sourceTree = "<group>";
		};
		CE3F55DB282AC3C3004AA841 /* PhotoMasterUITests */ = {
			isa = PBXGroup;
			children = (
				CE3F55DC282AC3C3004AA841 /* PhotoMasterUITests.swift */,
				CE3F55DE282AC3C3004AA841 /* PhotoMasterUITestsLaunchTests.swift */,
			);
			path = PhotoMasterUITests;
			sourceTree = "<group>";
		};
		CE3F56DB282D499F004AA841 /* PhotoMaster素材 */ = {
			isa = PBXGroup;
			children = (
			);
			path = "PhotoMaster素材";
			sourceTree = "<group>";
		};
/* End PBXGroup section */

/* Begin PBXNativeTarget section */
		CE3F55B7282AC3C0004AA841 /* PhotoMaster */ = {
			isa = PBXNativeTarget;
			buildConfigurationList = CE3F55E2282AC3C3004AA841 /* Build configuration list for PBXNativeTarget "PhotoMaster" */;
			buildPhases = (
				CE3F55B4282AC3C0004AA841 /* Sources */,
				CE3F55B5282AC3C0004AA841 /* Frameworks */,
				CE3F55B6282AC3C0004AA841 /* Resources */,
			);
			buildRules = (
			);
			dependencies = (
			);
			name = PhotoMaster;
			productName = PhotoMaster;
			productReference = CE3F55B8282AC3C0004AA841 /* PhotoMaster.app */;
			productType = "com.apple.product-type.application";
		};
		CE3F55CD282AC3C3004AA841 /* PhotoMasterTests */ = {
			isa = PBXNativeTarget;
			buildConfigurationList = CE3F55E5282AC3C3004AA841 /* Build configuration list for PBXNativeTarget "PhotoMasterTests" */;
			buildPhases = (
				CE3F55CA282AC3C3004AA841 /* Sources */,
				CE3F55CB282AC3C3004AA841 /* Frameworks */,
				CE3F55CC282AC3C3004AA841 /* Resources */,
			);
			buildRules = (
			);
			dependencies = (
				CE3F55D0282AC3C3004AA841 /* PBXTargetDependency */,
			);
			name = PhotoMasterTests;
			productName = PhotoMasterTests;
			productReference = CE3F55CE282AC3C3004AA841 /* PhotoMasterTests.xctest */;
			productType = "com.apple.product-type.bundle.unit-test";
		};
		CE3F55D7282AC3C3004AA841 /* PhotoMasterUITests */ = {
			isa = PBXNativeTarget;
			buildConfigurationList = CE3F55E8282AC3C3004AA841 /* Build configuration list for PBXNativeTarget "PhotoMasterUITests" */;
			buildPhases = (
				CE3F55D4282AC3C3004AA841 /* Sources */,
				CE3F55D5282AC3C3004AA841 /* Frameworks */,
				CE3F55D6282AC3C3004AA841 /* Resources */,
			);
			buildRules = (
			);
			dependencies = (
				CE3F55DA282AC3C3004AA841 /* PBXTargetDependency */,
			);
			name = PhotoMasterUITests;
			productName = PhotoMasterUITests;
			productReference = CE3F55D8282AC3C3004AA841 /* PhotoMasterUITests.xctest */;
			productType = "com.apple.product-type.bundle.ui-testing";
		};
/* End PBXNativeTarget section */

/* Begin PBXProject section */
		CE3F55B0282AC3C0004AA841 /* Project object */ = {
			isa = PBXProject;
			attributes = {
				BuildIndependentTargetsInParallel = 1;
				LastSwiftUpdateCheck = 1330;
				LastUpgradeCheck = 1330;
				TargetAttributes = {
					CE3F55B7282AC3C0004AA841 = {
						CreatedOnToolsVersion = 13.3.1;
					};
					CE3F55CD282AC3C3004AA841 = {
						CreatedOnToolsVersion = 13.3.1;
						TestTargetID = CE3F55B7282AC3C0004AA841;
					};
					CE3F55D7282AC3C3004AA841 = {
						CreatedOnToolsVersion = 13.3.1;
						TestTargetID = CE3F55B7282AC3C0004AA841;
					};
				};
			};
			buildConfigurationList = CE3F55B3282AC3C0004AA841 /* Build configuration list for PBXProject "PhotoMaster" */;
			compatibilityVersion = "Xcode 13.0";
			developmentRegion = en;
			hasScannedForEncodings = 0;
			knownRegions = (
				en,
				Base,
			);
			mainGroup = CE3F55AF282AC3C0004AA841;
			productRefGroup = CE3F55B9282AC3C0004AA841 /* Products */;
			projectDirPath = "";
			projectRoot = "";
			targets = (
				CE3F55B7282AC3C0004AA841 /* PhotoMaster */,
				CE3F55CD282AC3C3004AA841 /* PhotoMasterTests */,
				CE3F55D7282AC3C3004AA841 /* PhotoMasterUITests */,
			);
		};
/* End PBXProject section */

/* Begin PBXResourcesBuildPhase section */
		CE3F55B6282AC3C0004AA841 /* Resources */ = {
			isa = PBXResourcesBuildPhase;
			buildActionMask = 2147483647;
			files = (
				CE3F56DD282D499F004AA841 /* furo_ducky.png in Resources */,
				CE3F55C8282AC3C2004AA841 /* LaunchScreen.storyboard in Resources */,
				CE3F55C5282AC3C2004AA841 /* Assets.xcassets in Resources */,
				CE3F55C3282AC3C0004AA841 /* Main.storyboard in Resources */,
			);
			runOnlyForDeploymentPostprocessing = 0;
		};
		CE3F55CC282AC3C3004AA841 /* Resources */ = {
			isa = PBXResourcesBuildPhase;
			buildActionMask = 2147483647;
			files = (
			);
			runOnlyForDeploymentPostprocessing = 0;
		};
		CE3F55D6282AC3C3004AA841 /* Resources */ = {
			isa = PBXResourcesBuildPhase;
			buildActionMask = 2147483647;
			files = (
			);
			runOnlyForDeploymentPostprocessing = 0;
		};
/* End PBXResourcesBuildPhase section */

/* Begin PBXSourcesBuildPhase section */
		CE3F55B4282AC3C0004AA841 /* Sources */ = {
			isa = PBXSourcesBuildPhase;
			buildActionMask = 2147483647;
			files = (
				CE3F55C0282AC3C0004AA841 /* ViewController.swift in Sources */,
				CE3F55BC282AC3C0004AA841 /* AppDelegate.swift in Sources */,
				CE3F55BE282AC3C0004AA841 /* SceneDelegate.swift in Sources */,
			);
			runOnlyForDeploymentPostprocessing = 0;
		};
		CE3F55CA282AC3C3004AA841 /* Sources */ = {
			isa = PBXSourcesBuildPhase;
			buildActionMask = 2147483647;
			files = (
				CE3F55D3282AC3C3004AA841 /* PhotoMasterTests.swift in Sources */,
			);
			runOnlyForDeploymentPostprocessing = 0;
		};
		CE3F55D4282AC3C3004AA841 /* Sources */ = {
			isa = PBXSourcesBuildPhase;
			buildActionMask = 2147483647;
			files = (
				CE3F55DD282AC3C3004AA841 /* PhotoMasterUITests.swift in Sources */,
				CE3F55DF282AC3C3004AA841 /* PhotoMasterUITestsLaunchTests.swift in Sources */,
			);
			runOnlyForDeploymentPostprocessing = 0;
		};
/* End PBXSourcesBuildPhase section */

/* Begin PBXTargetDependency section */
		CE3F55D0282AC3C3004AA841 /* PBXTargetDependency */ = {
			isa = PBXTargetDependency;
			target = CE3F55B7282AC3C0004AA841 /* PhotoMaster */;
			targetProxy = CE3F55CF282AC3C3004AA841 /* PBXContainerItemProxy */;
		};
		CE3F55DA282AC3C3004AA841 /* PBXTargetDependency */ = {
			isa = PBXTargetDependency;
			target = CE3F55B7282AC3C0004AA841 /* PhotoMaster */;
			targetProxy = CE3F55D9282AC3C3004AA841 /* PBXContainerItemProxy */;
		};
/* End PBXTargetDependency section */

/* Begin PBXVariantGroup section */
		CE3F55C1282AC3C0004AA841 /* Main.storyboard */ = {
			isa = PBXVariantGroup;
			children = (
				CE3F55C2282AC3C0004AA841 /* Base */,
			);
			name = Main.storyboard;
			sourceTree = "<group>";
		};
		CE3F55C6282AC3C2004AA841 /* LaunchScreen.storyboard */ = {
			isa = PBXVariantGroup;
			children = (
				CE3F55C7282AC3C2004AA841 /* Base */,
			);
			name = LaunchScreen.storyboard;
			sourceTree = "<group>";
		};
/* End PBXVariantGroup section */

/* Begin XCBuildConfiguration section */
		CE3F55E0282AC3C3004AA841 /* Debug */ = {
			isa = XCBuildConfiguration;
			buildSettings = {
				ALWAYS_SEARCH_USER_PATHS = NO;
				CLANG_ANALYZER_NONNULL = YES;
				CLANG_ANALYZER_NUMBER_OBJECT_CONVERSION = YES_AGGRESSIVE;
				CLANG_CXX_LANGUAGE_STANDARD = "gnu++17";
				CLANG_ENABLE_MODULES = YES;
				CLANG_ENABLE_OBJC_ARC = YES;
				CLANG_ENABLE_OBJC_WEAK = YES;
				CLANG_WARN_BLOCK_CAPTURE_AUTORELEASING = YES;
				CLANG_WARN_BOOL_CONVERSION = YES;
				CLANG_WARN_COMMA = YES;
				CLANG_WARN_CONSTANT_CONVERSION = YES;
				CLANG_WARN_DEPRECATED_OBJC_IMPLEMENTATIONS = YES;
				CLANG_WARN_DIRECT_OBJC_ISA_USAGE = YES_ERROR;
				CLANG_WARN_DOCUMENTATION_COMMENTS = YES;
				CLANG_WARN_EMPTY_BODY = YES;
				CLANG_WARN_ENUM_CONVERSION = YES;
				CLANG_WARN_INFINITE_RECURSION = YES;
				CLANG_WARN_INT_CONVERSION = YES;
				CLANG_WARN_NON_LITERAL_NULL_CONVERSION = YES;
				CLANG_WARN_OBJC_IMPLICIT_RETAIN_SELF = YES;
				CLANG_WARN_OBJC_LITERAL_CONVERSION = YES;
				CLANG_WARN_OBJC_ROOT_CLASS = YES_ERROR;
				CLANG_WARN_QUOTED_INCLUDE_IN_FRAMEWORK_HEADER = YES;
				CLANG_WARN_RANGE_LOOP_ANALYSIS = YES;
				CLANG_WARN_STRICT_PROTOTYPES = YES;
				CLANG_WARN_SUSPICIOUS_MOVE = YES;
				CLANG_WARN_UNGUARDED_AVAILABILITY = YES_AGGRESSIVE;
				CLANG_WARN_UNREACHABLE_CODE = YES;
				CLANG_WARN__DUPLICATE_METHOD_MATCH = YES;
				COPY_PHASE_STRIP = NO;
				DEBUG_INFORMATION_FORMAT = dwarf;
				ENABLE_STRICT_OBJC_MSGSEND = YES;
				ENABLE_TESTABILITY = YES;
				GCC_C_LANGUAGE_STANDARD = gnu11;
				GCC_DYNAMIC_NO_PIC = NO;
				GCC_NO_COMMON_BLOCKS = YES;
				GCC_OPTIMIZATION_LEVEL = 0;
				GCC_PREPROCESSOR_DEFINITIONS = (
					"DEBUG=1",
					"$(inherited)",
				);
				GCC_WARN_64_TO_32_BIT_CONVERSION = YES;
				GCC_WARN_ABOUT_RETURN_TYPE = YES_ERROR;
				GCC_WARN_UNDECLARED_SELECTOR = YES;
				GCC_WARN_UNINITIALIZED_AUTOS = YES_AGGRESSIVE;
				GCC_WARN_UNUSED_FUNCTION = YES;
				GCC_WARN_UNUSED_VARIABLE = YES;
				IPHONEOS_DEPLOYMENT_TARGET = 15.4;
				MTL_ENABLE_DEBUG_INFO = INCLUDE_SOURCE;
				MTL_FAST_MATH = YES;
				ONLY_ACTIVE_ARCH = YES;
				SDKROOT = iphoneos;
				SWIFT_ACTIVE_COMPILATION_CONDITIONS = DEBUG;
				SWIFT_OPTIMIZATION_LEVEL = "-Onone";
			};
			name = Debug;
		};
		CE3F55E1282AC3C3004AA841 /* Release */ = {
			isa = XCBuildConfiguration;
			buildSettings = {
				ALWAYS_SEARCH_USER_PATHS = NO;
				CLANG_ANALYZER_NONNULL = YES;
				CLANG_ANALYZER_NUMBER_OBJECT_CONVERSION = YES_AGGRESSIVE;
				CLANG_CXX_LANGUAGE_STANDARD = "gnu++17";
				CLANG_ENABLE_MODULES = YES;
				CLANG_ENABLE_OBJC_ARC = YES;
				CLANG_ENABLE_OBJC_WEAK = YES;
				CLANG_WARN_BLOCK_CAPTURE_AUTORELEASING = YES;
				CLANG_WARN_BOOL_CONVERSION = YES;
				CLANG_WARN_COMMA = YES;
				CLANG_WARN_CONSTANT_CONVERSION = YES;
				CLANG_WARN_DEPRECATED_OBJC_IMPLEMENTATIONS = YES;
				CLANG_WARN_DIRECT_OBJC_ISA_USAGE = YES_ERROR;
				CLANG_WARN_DOCUMENTATION_COMMENTS = YES;
				CLANG_WARN_EMPTY_BODY = YES;
				CLANG_WARN_ENUM_CONVERSION = YES;
				CLANG_WARN_INFINITE_RECURSION = YES;
				CLANG_WARN_INT_CONVERSION = YES;
				CLANG_WARN_NON_LITERAL_NULL_CONVERSION = YES;
				CLANG_WARN_OBJC_IMPLICIT_RETAIN_SELF = YES;
				CLANG_WARN_OBJC_LITERAL_CONVERSION = YES;
				CLANG_WARN_OBJC_ROOT_CLASS = YES_ERROR;
				CLANG_WARN_QUOTED_INCLUDE_IN_FRAMEWORK_HEADER = YES;
				CLANG_WARN_RANGE_LOOP_ANALYSIS = YES;
				CLANG_WARN_STRICT_PROTOTYPES = YES;
				CLANG_WARN_SUSPICIOUS_MOVE = YES;
				CLANG_WARN_UNGUARDED_AVAILABILITY = YES_AGGRESSIVE;
				CLANG_WARN_UNREACHABLE_CODE = YES;
				CLANG_WARN__DUPLICATE_METHOD_MATCH = YES;
				COPY_PHASE_STRIP = NO;
				DEBUG_INFORMATION_FORMAT = "dwarf-with-dsym";
				ENABLE_NS_ASSERTIONS = NO;
				ENABLE_STRICT_OBJC_MSGSEND = YES;
				GCC_C_LANGUAGE_STANDARD = gnu11;
				GCC_NO_COMMON_BLOCKS = YES;
				GCC_WARN_64_TO_32_BIT_CONVERSION = YES;
				GCC_WARN_ABOUT_RETURN_TYPE = YES_ERROR;
				GCC_WARN_UNDECLARED_SELECTOR = YES;
				GCC_WARN_UNINITIALIZED_AUTOS = YES_AGGRESSIVE;
				GCC_WARN_UNUSED_FUNCTION = YES;
				GCC_WARN_UNUSED_VARIABLE = YES;
				IPHONEOS_DEPLOYMENT_TARGET = 15.4;
				MTL_ENABLE_DEBUG_INFO = NO;
				MTL_FAST_MATH = YES;
				SDKROOT = iphoneos;
				SWIFT_COMPILATION_MODE = wholemodule;
				SWIFT_OPTIMIZATION_LEVEL = "-O";
				VALIDATE_PRODUCT = YES;
			};
			name = Release;
		};
		CE3F55E3282AC3C3004AA841 /* Debug */ = {
			isa = XCBuildConfiguration;
			buildSettings = {
				ASSETCATALOG_COMPILER_APPICON_NAME = AppIcon;
				ASSETCATALOG_COMPILER_GLOBAL_ACCENT_COLOR_NAME = AccentColor;
				CODE_SIGN_STYLE = Automatic;
				CURRENT_PROJECT_VERSION = 1;
				DEVELOPMENT_TEAM = L6F7W488V6;
				GENERATE_INFOPLIST_FILE = YES;
				INFOPLIST_FILE = PhotoMaster/Info.plist;
				INFOPLIST_KEY_NSCalendarsUsageDescription = "";
				INFOPLIST_KEY_NSCameraUsageDescription = "";
				INFOPLIST_KEY_NSPhotoLibraryAddUsageDescription = "";
				INFOPLIST_KEY_UIApplicationSupportsIndirectInputEvents = YES;
				INFOPLIST_KEY_UILaunchStoryboardName = LaunchScreen;
				INFOPLIST_KEY_UIMainStoryboardFile = Main;
				INFOPLIST_KEY_UISupportedInterfaceOrientations_iPad = "UIInterfaceOrientationPortrait UIInterfaceOrientationPortraitUpsideDown UIInterfaceOrientationLandscapeLeft UIInterfaceOrientationLandscapeRight";
				INFOPLIST_KEY_UISupportedInterfaceOrientations_iPhone = "UIInterfaceOrientationPortrait UIInterfaceOrientationLandscapeLeft UIInterfaceOrientationLandscapeRight";
				LD_RUNPATH_SEARCH_PATHS = (
					"$(inherited)",
					"@executable_path/Frameworks",
				);
				MARKETING_VERSION = 1.0;
				PRODUCT_BUNDLE_IDENTIFIER = app.yume.yoshida.PhotoMaster;
				PRODUCT_NAME = "$(TARGET_NAME)";
				SWIFT_EMIT_LOC_STRINGS = YES;
				SWIFT_VERSION = 5.0;
				TARGETED_DEVICE_FAMILY = "1,2";
			};
			name = Debug;
		};
		CE3F55E4282AC3C3004AA841 /* Release */ = {
			isa = XCBuildConfiguration;
			buildSettings = {
				ASSETCATALOG_COMPILER_APPICON_NAME = AppIcon;
				ASSETCATALOG_COMPILER_GLOBAL_ACCENT_COLOR_NAME = AccentColor;
				CODE_SIGN_STYLE = Automatic;
				CURRENT_PROJECT_VERSION = 1;
				DEVELOPMENT_TEAM = L6F7W488V6;
				GENERATE_INFOPLIST_FILE = YES;
				INFOPLIST_FILE = PhotoMaster/Info.plist;
				INFOPLIST_KEY_NSCalendarsUsageDescription = "";
				INFOPLIST_KEY_NSCameraUsageDescription = "";
				INFOPLIST_KEY_NSPhotoLibraryAddUsageDescription = "";
				INFOPLIST_KEY_UIApplicationSupportsIndirectInputEvents = YES;
				INFOPLIST_KEY_UILaunchStoryboardName = LaunchScreen;
				INFOPLIST_KEY_UIMainStoryboardFile = Main;
				INFOPLIST_KEY_UISupportedInterfaceOrientations_iPad = "UIInterfaceOrientationPortrait UIInterfaceOrientationPortraitUpsideDown UIInterfaceOrientationLandscapeLeft UIInterfaceOrientationLandscapeRight";
				INFOPLIST_KEY_UISupportedInterfaceOrientations_iPhone = "UIInterfaceOrientationPortrait UIInterfaceOrientationLandscapeLeft UIInterfaceOrientationLandscapeRight";
				LD_RUNPATH_SEARCH_PATHS = (
					"$(inherited)",
					"@executable_path/Frameworks",
				);
				MARKETING_VERSION = 1.0;
				PRODUCT_BUNDLE_IDENTIFIER = app.yume.yoshida.PhotoMaster;
				PRODUCT_NAME = "$(TARGET_NAME)";
				SWIFT_EMIT_LOC_STRINGS = YES;
				SWIFT_VERSION = 5.0;
				TARGETED_DEVICE_FAMILY = "1,2";
			};
			name = Release;
		};
		CE3F55E6282AC3C3004AA841 /* Debug */ = {
			isa = XCBuildConfiguration;
			buildSettings = {
				ALWAYS_EMBED_SWIFT_STANDARD_LIBRARIES = YES;
				BUNDLE_LOADER = "$(TEST_HOST)";
				CODE_SIGN_STYLE = Automatic;
				CURRENT_PROJECT_VERSION = 1;
				GENERATE_INFOPLIST_FILE = YES;
				IPHONEOS_DEPLOYMENT_TARGET = 15.4;
				MARKETING_VERSION = 1.0;
				PRODUCT_BUNDLE_IDENTIFIER = app.yume.yoshida.PhotoMasterTests;
				PRODUCT_NAME = "$(TARGET_NAME)";
				SWIFT_EMIT_LOC_STRINGS = NO;
				SWIFT_VERSION = 5.0;
				TARGETED_DEVICE_FAMILY = "1,2";
				TEST_HOST = "$(BUILT_PRODUCTS_DIR)/PhotoMaster.app/PhotoMaster";
			};
			name = Debug;
		};
		CE3F55E7282AC3C3004AA841 /* Release */ = {
			isa = XCBuildConfiguration;
			buildSettings = {
				ALWAYS_EMBED_SWIFT_STANDARD_LIBRARIES = YES;
				BUNDLE_LOADER = "$(TEST_HOST)";
				CODE_SIGN_STYLE = Automatic;
				CURRENT_PROJECT_VERSION = 1;
				GENERATE_INFOPLIST_FILE = YES;
				IPHONEOS_DEPLOYMENT_TARGET = 15.4;
				MARKETING_VERSION = 1.0;
				PRODUCT_BUNDLE_IDENTIFIER = app.yume.yoshida.PhotoMasterTests;
				PRODUCT_NAME = "$(TARGET_NAME)";
				SWIFT_EMIT_LOC_STRINGS = NO;
				SWIFT_VERSION = 5.0;
				TARGETED_DEVICE_FAMILY = "1,2";
				TEST_HOST = "$(BUILT_PRODUCTS_DIR)/PhotoMaster.app/PhotoMaster";
			};
			name = Release;
		};
		CE3F55E9282AC3C3004AA841 /* Debug */ = {
			isa = XCBuildConfiguration;
			buildSettings = {
				ALWAYS_EMBED_SWIFT_STANDARD_LIBRARIES = YES;
				CODE_SIGN_STYLE = Automatic;
				CURRENT_PROJECT_VERSION = 1;
				GENERATE_INFOPLIST_FILE = YES;
				MARKETING_VERSION = 1.0;
				PRODUCT_BUNDLE_IDENTIFIER = app.yume.yoshida.PhotoMasterUITests;
				PRODUCT_NAME = "$(TARGET_NAME)";
				SWIFT_EMIT_LOC_STRINGS = NO;
				SWIFT_VERSION = 5.0;
				TARGETED_DEVICE_FAMILY = "1,2";
				TEST_TARGET_NAME = PhotoMaster;
			};
			name = Debug;
		};
		CE3F55EA282AC3C3004AA841 /* Release */ = {
			isa = XCBuildConfiguration;
			buildSettings = {
				ALWAYS_EMBED_SWIFT_STANDARD_LIBRARIES = YES;
				CODE_SIGN_STYLE = Automatic;
				CURRENT_PROJECT_VERSION = 1;
				GENERATE_INFOPLIST_FILE = YES;
				MARKETING_VERSION = 1.0;
				PRODUCT_BUNDLE_IDENTIFIER = app.yume.yoshida.PhotoMasterUITests;
				PRODUCT_NAME = "$(TARGET_NAME)";
				SWIFT_EMIT_LOC_STRINGS = NO;
				SWIFT_VERSION = 5.0;
				TARGETED_DEVICE_FAMILY = "1,2";
				TEST_TARGET_NAME = PhotoMaster;
			};
			name = Release;
		};
/* End XCBuildConfiguration section */

/* Begin XCConfigurationList section */
		CE3F55B3282AC3C0004AA841 /* Build configuration list for PBXProject "PhotoMaster" */ = {
			isa = XCConfigurationList;
			buildConfigurations = (
				CE3F55E0282AC3C3004AA841 /* Debug */,
				CE3F55E1282AC3C3004AA841 /* Release */,
			);
			defaultConfigurationIsVisible = 0;
			defaultConfigurationName = Release;
		};
		CE3F55E2282AC3C3004AA841 /* Build configuration list for PBXNativeTarget "PhotoMaster" */ = {
			isa = XCConfigurationList;
			buildConfigurations = (
				CE3F55E3282AC3C3004AA841 /* Debug */,
				CE3F55E4282AC3C3004AA841 /* Release */,
			);
			defaultConfigurationIsVisible = 0;
			defaultConfigurationName = Release;
		};
		CE3F55E5282AC3C3004AA841 /* Build configuration list for PBXNativeTarget "PhotoMasterTests" */ = {
			isa = XCConfigurationList;
			buildConfigurations = (
				CE3F55E6282AC3C3004AA841 /* Debug */,
				CE3F55E7282AC3C3004AA841 /* Release */,
			);
			defaultConfigurationIsVisible = 0;
			defaultConfigurationName = Release;
		};
		CE3F55E8282AC3C3004AA841 /* Build configuration list for PBXNativeTarget "PhotoMasterUITests" */ = {
			isa = XCConfigurationList;
			buildConfigurations = (
				CE3F55E9282AC3C3004AA841 /* Debug */,
				CE3F55EA282AC3C3004AA841 /* Release */,
			);
			defaultConfigurationIsVisible = 0;
			defaultConfigurationName = Release;
		};
/* End XCConfigurationList section */
	};
	rootObject = CE3F55B0282AC3C0004AA841 /* Project object */;
}
